
Microsoft Visual Studio Solution File, Format Version 12.00
# Visual Studio Version 16
VisualStudioVersion = 16.0.30114.105
MinimumVisualStudioVersion = 10.0.40219.1
Project("{FAE04EC0-301F-11D3-BF4B-00C04F79EFBC}") = "LendingLibrary", "LendingLibrary\LendingLibrary.csproj", "{F74AA4F8-8F8A-42E6-8495-BF0DFFCD25FA}"
EndProject
Project("{FAE04EC0-301F-11D3-BF4B-00C04F79EFBC}") = "LendingLibrary.Tests", "LendingLibrary.Tests\LendingLibrary.Tests.csproj", "{87151453-E616-4139-AFF2-53EA5B4A7790}"
EndProject
Global
	GlobalSection(SolutionConfigurationPlatforms) = preSolution
		Debug|Any CPU = Debug|Any CPU
		Debug|x64 = Debug|x64
		Debug|x86 = Debug|x86
		Release|Any CPU = Release|Any CPU
		Release|x64 = Release|x64
		Release|x86 = Release|x86
	EndGlobalSection
	GlobalSection(SolutionProperties) = preSolution
		HideSolutionNode = FALSE
	EndGlobalSection
	GlobalSection(ProjectConfigurationPlatforms) = postSolution
		{F74AA4F8-8F8A-42E6-8495-BF0DFFCD25FA}.Debug|Any CPU.ActiveCfg = Debug|Any CPU
		{F74AA4F8-8F8A-42E6-8495-BF0DFFCD25FA}.Debug|Any CPU.Build.0 = Debug|Any CPU
		{F74AA4F8-8F8A-42E6-8495-BF0DFFCD25FA}.Debug|x64.ActiveCfg = Debug|Any CPU
		{F74AA4F8-8F8A-42E6-8495-BF0DFFCD25FA}.Debug|x64.Build.0 = Debug|Any CPU
		{F74AA4F8-8F8A-42E6-8495-BF0DFFCD25FA}.Debug|x86.ActiveCfg = Debug|Any CPU
		{F74AA4F8-8F8A-42E6-8495-BF0DFFCD25FA}.Debug|x86.Build.0 = Debug|Any CPU
		{F74AA4F8-8F8A-42E6-8495-BF0DFFCD25FA}.Release|Any CPU.ActiveCfg = Release|Any CPU
		{F74AA4F8-8F8A-42E6-8495-BF0DFFCD25FA}.Release|Any CPU.Build.0 = Release|Any CPU
		{F74AA4F8-8F8A-42E6-8495-BF0DFFCD25FA}.Release|x64.ActiveCfg = Release|Any CPU
		{F74AA4F8-8F8A-42E6-8495-BF0DFFCD25FA}.Release|x64.Build.0 = Release|Any CPU
		{F74AA4F8-8F8A-42E6-8495-BF0DFFCD25FA}.Release|x86.ActiveCfg = Release|Any CPU
		{F74AA4F8-8F8A-42E6-8495-BF0DFFCD25FA}.Release|x86.Build.0 = Release|Any CPU
		{87151453-E616-4139-AFF2-53EA5B4A7790}.Debug|Any CPU.ActiveCfg = Debug|Any CPU
		{87151453-E616-4139-AFF2-53EA5B4A7790}.Debug|Any CPU.Build.0 = Debug|Any CPU
		{87151453-E616-4139-AFF2-53EA5B4A7790}.Debug|x64.ActiveCfg = Debug|Any CPU
		{87151453-E616-4139-AFF2-53EA5B4A7790}.Debug|x64.Build.0 = Debug|Any CPU
		{87151453-E616-4139-AFF2-53EA5B4A7790}.Debug|x86.ActiveCfg = Debug|Any CPU
		{87151453-E616-4139-AFF2-53EA5B4A7790}.Debug|x86.Build.0 = Debug|Any CPU
		{87151453-E616-4139-AFF2-53EA5B4A7790}.Release|Any CPU.ActiveCfg = Release|Any CPU
		{87151453-E616-4139-AFF2-53EA5B4A7790}.Release|Any CPU.Build.0 = Release|Any CPU
		{87151453-E616-4139-AFF2-53EA5B4A7790}.Release|x64.ActiveCfg = Release|Any CPU
		{87151453-E616-4139-AFF2-53EA5B4A7790}.Release|x64.Build.0 = Release|Any CPU
		{87151453-E616-4139-AFF2-53EA5B4A7790}.Release|x86.ActiveCfg = Release|Any CPU
		{87151453-E616-4139-AFF2-53EA5B4A7790}.Release|x86.Build.0 = Release|Any CPU
	EndGlobalSection
EndGlobal
